// !$*UTF8*$!
{
	archiveVersion = 1;
	classes = {
	};
	objectVersion = 56;
	objects = {

/* Begin PBXBuildFile section */
		9584173E2979AC5D0024242B /* AppDelegate.swift in Sources */ = {isa = PBXBuildFile; fileRef = 9584173D2979AC5D0024242B /* AppDelegate.swift */; };
		958417452979AC5D0024242B /* Main.storyboard in Resources */ = {isa = PBXBuildFile; fileRef = 958417432979AC5D0024242B /* Main.storyboard */; };
		958417482979AC5D0024242B /* WorldCup.xcdatamodeld in Sources */ = {isa = PBXBuildFile; fileRef = 958417462979AC5D0024242B /* WorldCup.xcdatamodeld */; };
		9584174A2979AC5E0024242B /* Assets.xcassets in Resources */ = {isa = PBXBuildFile; fileRef = 958417492979AC5E0024242B /* Assets.xcassets */; };
		9584174D2979AC5E0024242B /* LaunchScreen.storyboard in Resources */ = {isa = PBXBuildFile; fileRef = 9584174B2979AC5E0024242B /* LaunchScreen.storyboard */; };
		9584175F2979B1230024242B /* Colors.xcassets in Resources */ = {isa = PBXBuildFile; fileRef = 9584175E2979B1230024242B /* Colors.xcassets */; };
		958417612979B12F0024242B /* General.xcassets in Resources */ = {isa = PBXBuildFile; fileRef = 958417602979B12F0024242B /* General.xcassets */; };
		958417632979B1480024242B /* WCSplashModel.swift in Sources */ = {isa = PBXBuildFile; fileRef = 958417622979B1480024242B /* WCSplashModel.swift */; };
		958417652979B15B0024242B /* WCSplashViewController.swift in Sources */ = {isa = PBXBuildFile; fileRef = 958417642979B15B0024242B /* WCSplashViewController.swift */; };
		958417682979B18F0024242B /* WCLoginViewController.swift in Sources */ = {isa = PBXBuildFile; fileRef = 958417672979B18F0024242B /* WCLoginViewController.swift */; };
		9584176B2979B1A10024242B /* WCLoginModel.swift in Sources */ = {isa = PBXBuildFile; fileRef = 9584176A2979B1A10024242B /* WCLoginModel.swift */; };
		9584176D2979B1B30024242B /* WCRegisterModel.swift in Sources */ = {isa = PBXBuildFile; fileRef = 9584176C2979B1B30024242B /* WCRegisterModel.swift */; };
		958417702979B1C90024242B /* WCRegisterViewController.swift in Sources */ = {isa = PBXBuildFile; fileRef = 9584176F2979B1C90024242B /* WCRegisterViewController.swift */; };
		958417732979B1DF0024242B /* WCHomeViewController.swift in Sources */ = {isa = PBXBuildFile; fileRef = 958417722979B1DF0024242B /* WCHomeViewController.swift */; };
		958417752979B1E80024242B /* WCHomeModel.swift in Sources */ = {isa = PBXBuildFile; fileRef = 958417742979B1E80024242B /* WCHomeModel.swift */; };
		958417772979B2100024242B /* Closures.swift in Sources */ = {isa = PBXBuildFile; fileRef = 958417762979B2100024242B /* Closures.swift */; };
		958417792979B24C0024242B /* Segues.swift in Sources */ = {isa = PBXBuildFile; fileRef = 958417782979B24C0024242B /* Segues.swift */; };
		9584177B2979B26C0024242B /* MessageAlert.swift in Sources */ = {isa = PBXBuildFile; fileRef = 9584177A2979B26C0024242B /* MessageAlert.swift */; };
		95CCE894297AD1E500A7CF81 /* WCLoginWS.swift in Sources */ = {isa = PBXBuildFile; fileRef = 95CCE893297AD1E500A7CF81 /* WCLoginWS.swift */; };
		95CCE896297AD29B00A7CF81 /* UISessionRegister.swift in Sources */ = {isa = PBXBuildFile; fileRef = 95CCE895297AD29B00A7CF81 /* UISessionRegister.swift */; };
		95CCE898297AD33000A7CF81 /* WebServicesURL.swift in Sources */ = {isa = PBXBuildFile; fileRef = 95CCE897297AD33000A7CF81 /* WebServicesURL.swift */; };
		95CCE89B297AD4CB00A7CF81 /* WCLoginBL.swift in Sources */ = {isa = PBXBuildFile; fileRef = 95CCE89A297AD4CB00A7CF81 /* WCLoginBL.swift */; };
		95CCE89D297AD6E800A7CF81 /* WCGenericResponse.swift in Sources */ = {isa = PBXBuildFile; fileRef = 95CCE89C297AD6E800A7CF81 /* WCGenericResponse.swift */; };
		95CCE8A0297AEBD700A7CF81 /* WCRegisterWS.swift in Sources */ = {isa = PBXBuildFile; fileRef = 95CCE89F297AEBD700A7CF81 /* WCRegisterWS.swift */; };
		95CCE8A3297AEECF00A7CF81 /* WCRegisterBL.swift in Sources */ = {isa = PBXBuildFile; fileRef = 95CCE8A2297AEECF00A7CF81 /* WCRegisterBL.swift */; };
		95CCE8A6297AF09500A7CF81 /* WCSessionBL.swift in Sources */ = {isa = PBXBuildFile; fileRef = 95CCE8A5297AF09500A7CF81 /* WCSessionBL.swift */; };
		95CCE8A8297AF0BE00A7CF81 /* WCUser.swift in Sources */ = {isa = PBXBuildFile; fileRef = 95CCE8A7297AF0BE00A7CF81 /* WCUser.swift */; };
		95CCE8AA297AF43700A7CF81 /* Home.storyboard in Resources */ = {isa = PBXBuildFile; fileRef = 95CCE8A9297AF43700A7CF81 /* Home.storyboard */; };
		95CCE8AC297AF5E600A7CF81 /* PinterestLayout.swift in Sources */ = {isa = PBXBuildFile; fileRef = 95CCE8AB297AF5E600A7CF81 /* PinterestLayout.swift */; };
		95CCE8AE297AF71F00A7CF81 /* WCHomeCollectionViewModel.swift in Sources */ = {isa = PBXBuildFile; fileRef = 95CCE8AD297AF71F00A7CF81 /* WCHomeCollectionViewModel.swift */; };
		95CCE8B0297AF73B00A7CF81 /* WCHome.swift in Sources */ = {isa = PBXBuildFile; fileRef = 95CCE8AF297AF73B00A7CF81 /* WCHome.swift */; };
		95CCE8B3297AF81900A7CF81 /* WCHomeCollectionViewCell.swift in Sources */ = {isa = PBXBuildFile; fileRef = 95CCE8B2297AF81900A7CF81 /* WCHomeCollectionViewCell.swift */; };
		95CCE8B5297AF92A00A7CF81 /* WCHomeWS.swift in Sources */ = {isa = PBXBuildFile; fileRef = 95CCE8B4297AF92A00A7CF81 /* WCHomeWS.swift */; };
		95CCE8B9297B086600A7CF81 /* WCHomeBL.swift in Sources */ = {isa = PBXBuildFile; fileRef = 95CCE8B8297B086600A7CF81 /* WCHomeBL.swift */; };
		A33CC682B8FC8EFBFA37FE9E /* Pods_WorldCup.framework in Frameworks */ = {isa = PBXBuildFile; fileRef = D5DF7571601B86C7F98CEC1B /* Pods_WorldCup.framework */; };
/* End PBXBuildFile section */

/* Begin PBXFileReference section */
		3C4D103B2C88B9EA78FE17E3 /* Pods-WorldCup.debug.xcconfig */ = {isa = PBXFileReference; includeInIndex = 1; lastKnownFileType = text.xcconfig; name = "Pods-WorldCup.debug.xcconfig"; path = "Target Support Files/Pods-WorldCup/Pods-WorldCup.debug.xcconfig"; sourceTree = "<group>"; };
		9584173A2979AC5D0024242B /* WorldCup.app */ = {isa = PBXFileReference; explicitFileType = wrapper.application; includeInIndex = 0; path = WorldCup.app; sourceTree = BUILT_PRODUCTS_DIR; };
		9584173D2979AC5D0024242B /* AppDelegate.swift */ = {isa = PBXFileReference; lastKnownFileType = sourcecode.swift; path = AppDelegate.swift; sourceTree = "<group>"; };
		958417442979AC5D0024242B /* Base */ = {isa = PBXFileReference; lastKnownFileType = file.storyboard; name = Base; path = Base.lproj/Main.storyboard; sourceTree = "<group>"; };
		958417472979AC5D0024242B /* WorldCup.xcdatamodel */ = {isa = PBXFileReference; lastKnownFileType = wrapper.xcdatamodel; path = WorldCup.xcdatamodel; sourceTree = "<group>"; };
		958417492979AC5E0024242B /* Assets.xcassets */ = {isa = PBXFileReference; lastKnownFileType = folder.assetcatalog; path = Assets.xcassets; sourceTree = "<group>"; };
		9584174C2979AC5E0024242B /* Base */ = {isa = PBXFileReference; lastKnownFileType = file.storyboard; name = Base; path = Base.lproj/LaunchScreen.storyboard; sourceTree = "<group>"; };
		9584174E2979AC5E0024242B /* Info.plist */ = {isa = PBXFileReference; lastKnownFileType = text.plist.xml; path = Info.plist; sourceTree = "<group>"; };
		9584175E2979B1230024242B /* Colors.xcassets */ = {isa = PBXFileReference; lastKnownFileType = folder.assetcatalog; path = Colors.xcassets; sourceTree = "<group>"; };
		958417602979B12F0024242B /* General.xcassets */ = {isa = PBXFileReference; lastKnownFileType = folder.assetcatalog; path = General.xcassets; sourceTree = "<group>"; };
		958417622979B1480024242B /* WCSplashModel.swift */ = {isa = PBXFileReference; lastKnownFileType = sourcecode.swift; path = WCSplashModel.swift; sourceTree = "<group>"; };
		958417642979B15B0024242B /* WCSplashViewController.swift */ = {isa = PBXFileReference; lastKnownFileType = sourcecode.swift; path = WCSplashViewController.swift; sourceTree = "<group>"; };
		958417672979B18F0024242B /* WCLoginViewController.swift */ = {isa = PBXFileReference; lastKnownFileType = sourcecode.swift; path = WCLoginViewController.swift; sourceTree = "<group>"; };
		9584176A2979B1A10024242B /* WCLoginModel.swift */ = {isa = PBXFileReference; lastKnownFileType = sourcecode.swift; path = WCLoginModel.swift; sourceTree = "<group>"; };
		9584176C2979B1B30024242B /* WCRegisterModel.swift */ = {isa = PBXFileReference; lastKnownFileType = sourcecode.swift; path = WCRegisterModel.swift; sourceTree = "<group>"; };
		9584176F2979B1C90024242B /* WCRegisterViewController.swift */ = {isa = PBXFileReference; lastKnownFileType = sourcecode.swift; path = WCRegisterViewController.swift; sourceTree = "<group>"; };
		958417722979B1DF0024242B /* WCHomeViewController.swift */ = {isa = PBXFileReference; lastKnownFileType = sourcecode.swift; path = WCHomeViewController.swift; sourceTree = "<group>"; };
		958417742979B1E80024242B /* WCHomeModel.swift */ = {isa = PBXFileReference; lastKnownFileType = sourcecode.swift; path = WCHomeModel.swift; sourceTree = "<group>"; };
		958417762979B2100024242B /* Closures.swift */ = {isa = PBXFileReference; lastKnownFileType = sourcecode.swift; path = Closures.swift; sourceTree = "<group>"; };
		958417782979B24C0024242B /* Segues.swift */ = {isa = PBXFileReference; lastKnownFileType = sourcecode.swift; path = Segues.swift; sourceTree = "<group>"; };
		9584177A2979B26C0024242B /* MessageAlert.swift */ = {isa = PBXFileReference; lastKnownFileType = sourcecode.swift; path = MessageAlert.swift; sourceTree = "<group>"; };
		95CCE893297AD1E500A7CF81 /* WCLoginWS.swift */ = {isa = PBXFileReference; lastKnownFileType = sourcecode.swift; path = WCLoginWS.swift; sourceTree = "<group>"; };
		95CCE895297AD29B00A7CF81 /* UISessionRegister.swift */ = {isa = PBXFileReference; lastKnownFileType = sourcecode.swift; path = UISessionRegister.swift; sourceTree = "<group>"; };
		95CCE897297AD33000A7CF81 /* WebServicesURL.swift */ = {isa = PBXFileReference; lastKnownFileType = sourcecode.swift; path = WebServicesURL.swift; sourceTree = "<group>"; };
		95CCE89A297AD4CB00A7CF81 /* WCLoginBL.swift */ = {isa = PBXFileReference; lastKnownFileType = sourcecode.swift; path = WCLoginBL.swift; sourceTree = "<group>"; };
		95CCE89C297AD6E800A7CF81 /* WCGenericResponse.swift */ = {isa = PBXFileReference; lastKnownFileType = sourcecode.swift; path = WCGenericResponse.swift; sourceTree = "<group>"; };
		95CCE89F297AEBD700A7CF81 /* WCRegisterWS.swift */ = {isa = PBXFileReference; lastKnownFileType = sourcecode.swift; path = WCRegisterWS.swift; sourceTree = "<group>"; };
		95CCE8A2297AEECF00A7CF81 /* WCRegisterBL.swift */ = {isa = PBXFileReference; lastKnownFileType = sourcecode.swift; path = WCRegisterBL.swift; sourceTree = "<group>"; };
		95CCE8A5297AF09500A7CF81 /* WCSessionBL.swift */ = {isa = PBXFileReference; lastKnownFileType = sourcecode.swift; path = WCSessionBL.swift; sourceTree = "<group>"; };
		95CCE8A7297AF0BE00A7CF81 /* WCUser.swift */ = {isa = PBXFileReference; lastKnownFileType = sourcecode.swift; path = WCUser.swift; sourceTree = "<group>"; };
		95CCE8A9297AF43700A7CF81 /* Home.storyboard */ = {isa = PBXFileReference; lastKnownFileType = file.storyboard; path = Home.storyboard; sourceTree = "<group>"; };
		95CCE8AB297AF5E600A7CF81 /* PinterestLayout.swift */ = {isa = PBXFileReference; fileEncoding = 4; lastKnownFileType = sourcecode.swift; path = PinterestLayout.swift; sourceTree = "<group>"; };
		95CCE8AD297AF71F00A7CF81 /* WCHomeCollectionViewModel.swift */ = {isa = PBXFileReference; lastKnownFileType = sourcecode.swift; path = WCHomeCollectionViewModel.swift; sourceTree = "<group>"; };
		95CCE8AF297AF73B00A7CF81 /* WCHome.swift */ = {isa = PBXFileReference; lastKnownFileType = sourcecode.swift; path = WCHome.swift; sourceTree = "<group>"; };
		95CCE8B2297AF81900A7CF81 /* WCHomeCollectionViewCell.swift */ = {isa = PBXFileReference; lastKnownFileType = sourcecode.swift; path = WCHomeCollectionViewCell.swift; sourceTree = "<group>"; };
		95CCE8B4297AF92A00A7CF81 /* WCHomeWS.swift */ = {isa = PBXFileReference; lastKnownFileType = sourcecode.swift; path = WCHomeWS.swift; sourceTree = "<group>"; };
		95CCE8B8297B086600A7CF81 /* WCHomeBL.swift */ = {isa = PBXFileReference; lastKnownFileType = sourcecode.swift; path = WCHomeBL.swift; sourceTree = "<group>"; };
		D5DF7571601B86C7F98CEC1B /* Pods_WorldCup.framework */ = {isa = PBXFileReference; explicitFileType = wrapper.framework; includeInIndex = 0; path = Pods_WorldCup.framework; sourceTree = BUILT_PRODUCTS_DIR; };
		D767C7A5933CDAFFDAE45ED6 /* Pods-WorldCup.release.xcconfig */ = {isa = PBXFileReference; includeInIndex = 1; lastKnownFileType = text.xcconfig; name = "Pods-WorldCup.release.xcconfig"; path = "Target Support Files/Pods-WorldCup/Pods-WorldCup.release.xcconfig"; sourceTree = "<group>"; };
/* End PBXFileReference section */

/* Begin PBXFrameworksBuildPhase section */
		958417372979AC5D0024242B /* Frameworks */ = {
			isa = PBXFrameworksBuildPhase;
			buildActionMask = 2147483647;
			files = (
				A33CC682B8FC8EFBFA37FE9E /* Pods_WorldCup.framework in Frameworks */,
			);
			runOnlyForDeploymentPostprocessing = 0;
		};
/* End PBXFrameworksBuildPhase section */

/* Begin PBXGroup section */
		195C5DCB3D916D6C112745D5 /* Frameworks */ = {
			isa = PBXGroup;
			children = (
				D5DF7571601B86C7F98CEC1B /* Pods_WorldCup.framework */,
			);
			name = Frameworks;
			sourceTree = "<group>";
		};
		369C8FC109A1AEFC8601FCE7 /* Pods */ = {
			isa = PBXGroup;
			children = (
				3C4D103B2C88B9EA78FE17E3 /* Pods-WorldCup.debug.xcconfig */,
				D767C7A5933CDAFFDAE45ED6 /* Pods-WorldCup.release.xcconfig */,
			);
			path = Pods;
			sourceTree = "<group>";
		};
		958417312979AC5D0024242B = {
			isa = PBXGroup;
			children = (
				9584173C2979AC5D0024242B /* WorldCup */,
				9584173B2979AC5D0024242B /* Products */,
				369C8FC109A1AEFC8601FCE7 /* Pods */,
				195C5DCB3D916D6C112745D5 /* Frameworks */,
			);
			sourceTree = "<group>";
		};
		9584173B2979AC5D0024242B /* Products */ = {
			isa = PBXGroup;
			children = (
				9584173A2979AC5D0024242B /* WorldCup.app */,
			);
			name = Products;
			sourceTree = "<group>";
		};
		9584173C2979AC5D0024242B /* WorldCup */ = {
			isa = PBXGroup;
			children = (
				9584173D2979AC5D0024242B /* AppDelegate.swift */,
				958417542979B08D0024242B /* iPhone */,
				9584174B2979AC5E0024242B /* LaunchScreen.storyboard */,
				9584174E2979AC5E0024242B /* Info.plist */,
				958417462979AC5D0024242B /* WorldCup.xcdatamodeld */,
			);
			path = WorldCup;
			sourceTree = "<group>";
		};
		958417542979B08D0024242B /* iPhone */ = {
			isa = PBXGroup;
			children = (
				958417592979B0D40024242B /* General */,
				9584177C2979B2920024242B /* API */,
				958417552979B0930024242B /* MVVM */,
			);
			path = iPhone;
			sourceTree = "<group>";
		};
		958417552979B0930024242B /* MVVM */ = {
			isa = PBXGroup;
			children = (
				958417562979B0A10024242B /* Model */,
				958417572979B0AA0024242B /* View */,
				958417582979B0AE0024242B /* ViewModel */,
			);
			path = MVVM;
			sourceTree = "<group>";
		};
		958417562979B0A10024242B /* Model */ = {
			isa = PBXGroup;
			children = (
				95CCE895297AD29B00A7CF81 /* UISessionRegister.swift */,
				95CCE8A7297AF0BE00A7CF81 /* WCUser.swift */,
				95CCE8AF297AF73B00A7CF81 /* WCHome.swift */,
			);
			path = Model;
			sourceTree = "<group>";
		};
		958417572979B0AA0024242B /* View */ = {
			isa = PBXGroup;
			children = (
				958417432979AC5D0024242B /* Main.storyboard */,
				95CCE8A9297AF43700A7CF81 /* Home.storyboard */,
			);
			path = View;
			sourceTree = "<group>";
		};
		958417582979B0AE0024242B /* ViewModel */ = {
			isa = PBXGroup;
			children = (
				9584175A2979B0F10024242B /* Splash */,
				9584175C2979B0FC0024242B /* Login */,
				9584175D2979B1010024242B /* Register */,
				9584175B2979B0F60024242B /* Home */,
			);
			path = ViewModel;
			sourceTree = "<group>";
		};
		958417592979B0D40024242B /* General */ = {
			isa = PBXGroup;
			children = (
				958417492979AC5E0024242B /* Assets.xcassets */,
				9584175E2979B1230024242B /* Colors.xcassets */,
				958417602979B12F0024242B /* General.xcassets */,
				958417762979B2100024242B /* Closures.swift */,
				958417782979B24C0024242B /* Segues.swift */,
				9584177A2979B26C0024242B /* MessageAlert.swift */,
				95CCE897297AD33000A7CF81 /* WebServicesURL.swift */,
				95CCE8AB297AF5E600A7CF81 /* PinterestLayout.swift */,
				95CCE89C297AD6E800A7CF81 /* WCGenericResponse.swift */,
			);
			path = General;
			sourceTree = "<group>";
		};
		9584175A2979B0F10024242B /* Splash */ = {
			isa = PBXGroup;
			children = (
				958417642979B15B0024242B /* WCSplashViewController.swift */,
				958417662979B1650024242B /* Model */,
			);
			path = Splash;
			sourceTree = "<group>";
		};
		9584175B2979B0F60024242B /* Home */ = {
			isa = PBXGroup;
			children = (
				958417722979B1DF0024242B /* WCHomeViewController.swift */,
				95CCE8B1297AF80800A7CF81 /* Cell */,
				958417712979B1D00024242B /* Model */,
			);
			path = Home;
			sourceTree = "<group>";
		};
		9584175C2979B0FC0024242B /* Login */ = {
			isa = PBXGroup;
			children = (
				958417672979B18F0024242B /* WCLoginViewController.swift */,
				958417692979B1930024242B /* Model */,
			);
			path = Login;
			sourceTree = "<group>";
		};
		9584175D2979B1010024242B /* Register */ = {
			isa = PBXGroup;
			children = (
				9584176F2979B1C90024242B /* WCRegisterViewController.swift */,
				9584176E2979B1BB0024242B /* Model */,
			);
			path = Register;
			sourceTree = "<group>";
		};
		958417662979B1650024242B /* Model */ = {
			isa = PBXGroup;
			children = (
				958417622979B1480024242B /* WCSplashModel.swift */,
			);
			path = Model;
			sourceTree = "<group>";
		};
		958417692979B1930024242B /* Model */ = {
			isa = PBXGroup;
			children = (
				9584176A2979B1A10024242B /* WCLoginModel.swift */,
			);
			path = Model;
			sourceTree = "<group>";
		};
		9584176E2979B1BB0024242B /* Model */ = {
			isa = PBXGroup;
			children = (
				9584176C2979B1B30024242B /* WCRegisterModel.swift */,
			);
			path = Model;
			sourceTree = "<group>";
		};
		958417712979B1D00024242B /* Model */ = {
			isa = PBXGroup;
			children = (
				958417742979B1E80024242B /* WCHomeModel.swift */,
				95CCE8AD297AF71F00A7CF81 /* WCHomeCollectionViewModel.swift */,
			);
			path = Model;
			sourceTree = "<group>";
		};
		9584177C2979B2920024242B /* API */ = {
			isa = PBXGroup;
			children = (
				9584177D2979B29C0024242B /* BL */,
				9584177E2979B2A00024242B /* WS */,
			);
			path = API;
			sourceTree = "<group>";
		};
		9584177D2979B29C0024242B /* BL */ = {
			isa = PBXGroup;
			children = (
				95CCE8B7297B085100A7CF81 /* Home */,
				95CCE8A4297AF08A00A7CF81 /* Session */,
				95CCE8A1297AEEBB00A7CF81 /* Register */,
				95CCE899297AD4C000A7CF81 /* Login */,
			);
			path = BL;
			sourceTree = "<group>";
		};
		9584177E2979B2A00024242B /* WS */ = {
			isa = PBXGroup;
			children = (
				95CCE8B6297B084900A7CF81 /* Home */,
				95CCE89E297AEBC100A7CF81 /* Register */,
				95CCE892297AD1BC00A7CF81 /* Login */,
			);
			path = WS;
			sourceTree = "<group>";
		};
		95CCE892297AD1BC00A7CF81 /* Login */ = {
			isa = PBXGroup;
			children = (
				95CCE893297AD1E500A7CF81 /* WCLoginWS.swift */,
			);
			path = Login;
			sourceTree = "<group>";
		};
		95CCE899297AD4C000A7CF81 /* Login */ = {
			isa = PBXGroup;
			children = (
				95CCE89A297AD4CB00A7CF81 /* WCLoginBL.swift */,
			);
			path = Login;
			sourceTree = "<group>";
		};
		95CCE89E297AEBC100A7CF81 /* Register */ = {
			isa = PBXGroup;
			children = (
				95CCE89F297AEBD700A7CF81 /* WCRegisterWS.swift */,
			);
			path = Register;
			sourceTree = "<group>";
		};
		95CCE8A1297AEEBB00A7CF81 /* Register */ = {
			isa = PBXGroup;
			children = (
				95CCE8A2297AEECF00A7CF81 /* WCRegisterBL.swift */,
			);
			path = Register;
			sourceTree = "<group>";
		};
		95CCE8A4297AF08A00A7CF81 /* Session */ = {
			isa = PBXGroup;
			children = (
				95CCE8A5297AF09500A7CF81 /* WCSessionBL.swift */,
			);
			path = Session;
			sourceTree = "<group>";
		};
		95CCE8B1297AF80800A7CF81 /* Cell */ = {
			isa = PBXGroup;
			children = (
				95CCE8B2297AF81900A7CF81 /* WCHomeCollectionViewCell.swift */,
			);
			path = Cell;
			sourceTree = "<group>";
		};
		95CCE8B6297B084900A7CF81 /* Home */ = {
			isa = PBXGroup;
			children = (
				95CCE8B4297AF92A00A7CF81 /* WCHomeWS.swift */,
			);
			path = Home;
			sourceTree = "<group>";
		};
		95CCE8B7297B085100A7CF81 /* Home */ = {
			isa = PBXGroup;
			children = (
				95CCE8B8297B086600A7CF81 /* WCHomeBL.swift */,
			);
			path = Home;
			sourceTree = "<group>";
		};
/* End PBXGroup section */

/* Begin PBXNativeTarget section */
		958417392979AC5D0024242B /* WorldCup */ = {
			isa = PBXNativeTarget;
			buildConfigurationList = 958417512979AC5E0024242B /* Build configuration list for PBXNativeTarget "WorldCup" */;
			buildPhases = (
				7BD42C437995BDC1548BB050 /* [CP] Check Pods Manifest.lock */,
				958417362979AC5D0024242B /* Sources */,
				958417372979AC5D0024242B /* Frameworks */,
				958417382979AC5D0024242B /* Resources */,
				9548F0BCEA7B010B02EE971E /* [CP] Embed Pods Frameworks */,
			);
			buildRules = (
			);
			dependencies = (
			);
			name = WorldCup;
			productName = WorldCup;
			productReference = 9584173A2979AC5D0024242B /* WorldCup.app */;
			productType = "com.apple.product-type.application";
		};
/* End PBXNativeTarget section */

/* Begin PBXProject section */
		958417322979AC5D0024242B /* Project object */ = {
			isa = PBXProject;
			attributes = {
				BuildIndependentTargetsInParallel = 1;
				LastSwiftUpdateCheck = 1420;
				LastUpgradeCheck = 1420;
				TargetAttributes = {
					958417392979AC5D0024242B = {
						CreatedOnToolsVersion = 14.2;
					};
				};
			};
			buildConfigurationList = 958417352979AC5D0024242B /* Build configuration list for PBXProject "WorldCup" */;
			compatibilityVersion = "Xcode 14.0";
			developmentRegion = en;
			hasScannedForEncodings = 0;
			knownRegions = (
				en,
				Base,
			);
			mainGroup = 958417312979AC5D0024242B;
			productRefGroup = 9584173B2979AC5D0024242B /* Products */;
			projectDirPath = "";
			projectRoot = "";
			targets = (
				958417392979AC5D0024242B /* WorldCup */,
			);
		};
/* End PBXProject section */

/* Begin PBXResourcesBuildPhase section */
		958417382979AC5D0024242B /* Resources */ = {
			isa = PBXResourcesBuildPhase;
			buildActionMask = 2147483647;
			files = (
				9584174D2979AC5E0024242B /* LaunchScreen.storyboard in Resources */,
				9584175F2979B1230024242B /* Colors.xcassets in Resources */,
				958417612979B12F0024242B /* General.xcassets in Resources */,
				95CCE8AA297AF43700A7CF81 /* Home.storyboard in Resources */,
				9584174A2979AC5E0024242B /* Assets.xcassets in Resources */,
				958417452979AC5D0024242B /* Main.storyboard in Resources */,
			);
			runOnlyForDeploymentPostprocessing = 0;
		};
/* End PBXResourcesBuildPhase section */

/* Begin PBXShellScriptBuildPhase section */
		7BD42C437995BDC1548BB050 /* [CP] Check Pods Manifest.lock */ = {
			isa = PBXShellScriptBuildPhase;
			buildActionMask = 2147483647;
			files = (
			);
			inputFileListPaths = (
			);
			inputPaths = (
				"${PODS_PODFILE_DIR_PATH}/Podfile.lock",
				"${PODS_ROOT}/Manifest.lock",
			);
			name = "[CP] Check Pods Manifest.lock";
			outputFileListPaths = (
			);
			outputPaths = (
				"$(DERIVED_FILE_DIR)/Pods-WorldCup-checkManifestLockResult.txt",
			);
			runOnlyForDeploymentPostprocessing = 0;
			shellPath = /bin/sh;
			shellScript = "diff \"${PODS_PODFILE_DIR_PATH}/Podfile.lock\" \"${PODS_ROOT}/Manifest.lock\" > /dev/null\nif [ $? != 0 ] ; then\n    # print error to STDERR\n    echo \"error: The sandbox is not in sync with the Podfile.lock. Run 'pod install' or update your CocoaPods installation.\" >&2\n    exit 1\nfi\n# This output is used by Xcode 'outputs' to avoid re-running this script phase.\necho \"SUCCESS\" > \"${SCRIPT_OUTPUT_FILE_0}\"\n";
			showEnvVarsInLog = 0;
		};
		9548F0BCEA7B010B02EE971E /* [CP] Embed Pods Frameworks */ = {
			isa = PBXShellScriptBuildPhase;
			buildActionMask = 2147483647;
			files = (
			);
			inputFileListPaths = (
				"${PODS_ROOT}/Target Support Files/Pods-WorldCup/Pods-WorldCup-frameworks-${CONFIGURATION}-input-files.xcfilelist",
			);
			name = "[CP] Embed Pods Frameworks";
			outputFileListPaths = (
				"${PODS_ROOT}/Target Support Files/Pods-WorldCup/Pods-WorldCup-frameworks-${CONFIGURATION}-output-files.xcfilelist",
			);
			runOnlyForDeploymentPostprocessing = 0;
			shellPath = /bin/sh;
			shellScript = "\"${PODS_ROOT}/Target Support Files/Pods-WorldCup/Pods-WorldCup-frameworks.sh\"\n";
			showEnvVarsInLog = 0;
		};
/* End PBXShellScriptBuildPhase section */

/* Begin PBXSourcesBuildPhase section */
		958417362979AC5D0024242B /* Sources */ = {
			isa = PBXSourcesBuildPhase;
			buildActionMask = 2147483647;
			files = (
				95CCE8A8297AF0BE00A7CF81 /* WCUser.swift in Sources */,
				95CCE8AC297AF5E600A7CF81 /* PinterestLayout.swift in Sources */,
				95CCE8A0297AEBD700A7CF81 /* WCRegisterWS.swift in Sources */,
				958417482979AC5D0024242B /* WorldCup.xcdatamodeld in Sources */,
				9584176D2979B1B30024242B /* WCRegisterModel.swift in Sources */,
				95CCE8AE297AF71F00A7CF81 /* WCHomeCollectionViewModel.swift in Sources */,
				95CCE8B9297B086600A7CF81 /* WCHomeBL.swift in Sources */,
				95CCE89D297AD6E800A7CF81 /* WCGenericResponse.swift in Sources */,
				9584173E2979AC5D0024242B /* AppDelegate.swift in Sources */,
				95CCE894297AD1E500A7CF81 /* WCLoginWS.swift in Sources */,
				95CCE898297AD33000A7CF81 /* WebServicesURL.swift in Sources */,
				958417632979B1480024242B /* WCSplashModel.swift in Sources */,
				958417732979B1DF0024242B /* WCHomeViewController.swift in Sources */,
				95CCE89B297AD4CB00A7CF81 /* WCLoginBL.swift in Sources */,
				9584176B2979B1A10024242B /* WCLoginModel.swift in Sources */,
				95CCE8A6297AF09500A7CF81 /* WCSessionBL.swift in Sources */,
				958417652979B15B0024242B /* WCSplashViewController.swift in Sources */,
				958417792979B24C0024242B /* Segues.swift in Sources */,
				95CCE8B0297AF73B00A7CF81 /* WCHome.swift in Sources */,
				95CCE896297AD29B00A7CF81 /* UISessionRegister.swift in Sources */,
				95CCE8A3297AEECF00A7CF81 /* WCRegisterBL.swift in Sources */,
				9584177B2979B26C0024242B /* MessageAlert.swift in Sources */,
				95CCE8B3297AF81900A7CF81 /* WCHomeCollectionViewCell.swift in Sources */,
				958417682979B18F0024242B /* WCLoginViewController.swift in Sources */,
				95CCE8B5297AF92A00A7CF81 /* WCHomeWS.swift in Sources */,
				958417752979B1E80024242B /* WCHomeModel.swift in Sources */,
				958417702979B1C90024242B /* WCRegisterViewController.swift in Sources */,
				958417772979B2100024242B /* Closures.swift in Sources */,
			);
			runOnlyForDeploymentPostprocessing = 0;
		};
/* End PBXSourcesBuildPhase section */

/* Begin PBXVariantGroup section */
		958417432979AC5D0024242B /* Main.storyboard */ = {
			isa = PBXVariantGroup;
			children = (
				958417442979AC5D0024242B /* Base */,
			);
			name = Main.storyboard;
			sourceTree = "<group>";
		};
		9584174B2979AC5E0024242B /* LaunchScreen.storyboard */ = {
			isa = PBXVariantGroup;
			children = (
				9584174C2979AC5E0024242B /* Base */,
			);
			name = LaunchScreen.storyboard;
			sourceTree = "<group>";
		};
/* End PBXVariantGroup section */

/* Begin XCBuildConfiguration section */
		9584174F2979AC5E0024242B /* Debug */ = {
			isa = XCBuildConfiguration;
			buildSettings = {
				ALWAYS_SEARCH_USER_PATHS = NO;
				CLANG_ANALYZER_NONNULL = YES;
				CLANG_ANALYZER_NUMBER_OBJECT_CONVERSION = YES_AGGRESSIVE;
				CLANG_CXX_LANGUAGE_STANDARD = "gnu++20";
				CLANG_ENABLE_MODULES = YES;
				CLANG_ENABLE_OBJC_ARC = YES;
				CLANG_ENABLE_OBJC_WEAK = YES;
				CLANG_WARN_BLOCK_CAPTURE_AUTORELEASING = YES;
				CLANG_WARN_BOOL_CONVERSION = YES;
				CLANG_WARN_COMMA = YES;
				CLANG_WARN_CONSTANT_CONVERSION = YES;
				CLANG_WARN_DEPRECATED_OBJC_IMPLEMENTATIONS = YES;
				CLANG_WARN_DIRECT_OBJC_ISA_USAGE = YES_ERROR;
				CLANG_WARN_DOCUMENTATION_COMMENTS = YES;
				CLANG_WARN_EMPTY_BODY = YES;
				CLANG_WARN_ENUM_CONVERSION = YES;
				CLANG_WARN_INFINITE_RECURSION = YES;
				CLANG_WARN_INT_CONVERSION = YES;
				CLANG_WARN_NON_LITERAL_NULL_CONVERSION = YES;
				CLANG_WARN_OBJC_IMPLICIT_RETAIN_SELF = YES;
				CLANG_WARN_OBJC_LITERAL_CONVERSION = YES;
				CLANG_WARN_OBJC_ROOT_CLASS = YES_ERROR;
				CLANG_WARN_QUOTED_INCLUDE_IN_FRAMEWORK_HEADER = YES;
				CLANG_WARN_RANGE_LOOP_ANALYSIS = YES;
				CLANG_WARN_STRICT_PROTOTYPES = YES;
				CLANG_WARN_SUSPICIOUS_MOVE = YES;
				CLANG_WARN_UNGUARDED_AVAILABILITY = YES_AGGRESSIVE;
				CLANG_WARN_UNREACHABLE_CODE = YES;
				CLANG_WARN__DUPLICATE_METHOD_MATCH = YES;
				COPY_PHASE_STRIP = NO;
				DEBUG_INFORMATION_FORMAT = dwarf;
				ENABLE_STRICT_OBJC_MSGSEND = YES;
				ENABLE_TESTABILITY = YES;
				GCC_C_LANGUAGE_STANDARD = gnu11;
				GCC_DYNAMIC_NO_PIC = NO;
				GCC_NO_COMMON_BLOCKS = YES;
				GCC_OPTIMIZATION_LEVEL = 0;
				GCC_PREPROCESSOR_DEFINITIONS = (
					"DEBUG=1",
					"$(inherited)",
				);
				GCC_WARN_64_TO_32_BIT_CONVERSION = YES;
				GCC_WARN_ABOUT_RETURN_TYPE = YES_ERROR;
				GCC_WARN_UNDECLARED_SELECTOR = YES;
				GCC_WARN_UNINITIALIZED_AUTOS = YES_AGGRESSIVE;
				GCC_WARN_UNUSED_FUNCTION = YES;
				GCC_WARN_UNUSED_VARIABLE = YES;
				IPHONEOS_DEPLOYMENT_TARGET = 16.2;
				MTL_ENABLE_DEBUG_INFO = INCLUDE_SOURCE;
				MTL_FAST_MATH = YES;
				ONLY_ACTIVE_ARCH = YES;
				SDKROOT = iphoneos;
				SWIFT_ACTIVE_COMPILATION_CONDITIONS = DEBUG;
				SWIFT_OPTIMIZATION_LEVEL = "-Onone";
			};
			name = Debug;
		};
		958417502979AC5E0024242B /* Release */ = {
			isa = XCBuildConfiguration;
			buildSettings = {
				ALWAYS_SEARCH_USER_PATHS = NO;
				CLANG_ANALYZER_NONNULL = YES;
				CLANG_ANALYZER_NUMBER_OBJECT_CONVERSION = YES_AGGRESSIVE;
				CLANG_CXX_LANGUAGE_STANDARD = "gnu++20";
				CLANG_ENABLE_MODULES = YES;
				CLANG_ENABLE_OBJC_ARC = YES;
				CLANG_ENABLE_OBJC_WEAK = YES;
				CLANG_WARN_BLOCK_CAPTURE_AUTORELEASING = YES;
				CLANG_WARN_BOOL_CONVERSION = YES;
				CLANG_WARN_COMMA = YES;
				CLANG_WARN_CONSTANT_CONVERSION = YES;
				CLANG_WARN_DEPRECATED_OBJC_IMPLEMENTATIONS = YES;
				CLANG_WARN_DIRECT_OBJC_ISA_USAGE = YES_ERROR;
				CLANG_WARN_DOCUMENTATION_COMMENTS = YES;
				CLANG_WARN_EMPTY_BODY = YES;
				CLANG_WARN_ENUM_CONVERSION = YES;
				CLANG_WARN_INFINITE_RECURSION = YES;
				CLANG_WARN_INT_CONVERSION = YES;
				CLANG_WARN_NON_LITERAL_NULL_CONVERSION = YES;
				CLANG_WARN_OBJC_IMPLICIT_RETAIN_SELF = YES;
				CLANG_WARN_OBJC_LITERAL_CONVERSION = YES;
				CLANG_WARN_OBJC_ROOT_CLASS = YES_ERROR;
				CLANG_WARN_QUOTED_INCLUDE_IN_FRAMEWORK_HEADER = YES;
				CLANG_WARN_RANGE_LOOP_ANALYSIS = YES;
				CLANG_WARN_STRICT_PROTOTYPES = YES;
				CLANG_WARN_SUSPICIOUS_MOVE = YES;
				CLANG_WARN_UNGUARDED_AVAILABILITY = YES_AGGRESSIVE;
				CLANG_WARN_UNREACHABLE_CODE = YES;
				CLANG_WARN__DUPLICATE_METHOD_MATCH = YES;
				COPY_PHASE_STRIP = NO;
				DEBUG_INFORMATION_FORMAT = "dwarf-with-dsym";
				ENABLE_NS_ASSERTIONS = NO;
				ENABLE_STRICT_OBJC_MSGSEND = YES;
				GCC_C_LANGUAGE_STANDARD = gnu11;
				GCC_NO_COMMON_BLOCKS = YES;
				GCC_WARN_64_TO_32_BIT_CONVERSION = YES;
				GCC_WARN_ABOUT_RETURN_TYPE = YES_ERROR;
				GCC_WARN_UNDECLARED_SELECTOR = YES;
				GCC_WARN_UNINITIALIZED_AUTOS = YES_AGGRESSIVE;
				GCC_WARN_UNUSED_FUNCTION = YES;
				GCC_WARN_UNUSED_VARIABLE = YES;
				IPHONEOS_DEPLOYMENT_TARGET = 16.2;
				MTL_ENABLE_DEBUG_INFO = NO;
				MTL_FAST_MATH = YES;
				SDKROOT = iphoneos;
				SWIFT_COMPILATION_MODE = wholemodule;
				SWIFT_OPTIMIZATION_LEVEL = "-O";
				VALIDATE_PRODUCT = YES;
			};
			name = Release;
		};
		958417522979AC5E0024242B /* Debug */ = {
			isa = XCBuildConfiguration;
			baseConfigurationReference = 3C4D103B2C88B9EA78FE17E3 /* Pods-WorldCup.debug.xcconfig */;
			buildSettings = {
				ASSETCATALOG_COMPILER_APPICON_NAME = AppIcon;
				ASSETCATALOG_COMPILER_GLOBAL_ACCENT_COLOR_NAME = AccentColor;
				CODE_SIGN_STYLE = Automatic;
				CURRENT_PROJECT_VERSION = 1;
				DEVELOPMENT_TEAM = 38VT3MSS8Q;
				GENERATE_INFOPLIST_FILE = YES;
				INFOPLIST_FILE = WorldCup/Info.plist;
				INFOPLIST_KEY_UIApplicationSupportsIndirectInputEvents = YES;
				INFOPLIST_KEY_UILaunchStoryboardName = LaunchScreen;
				INFOPLIST_KEY_UIMainStoryboardFile = Main;
				INFOPLIST_KEY_UISupportedInterfaceOrientations = UIInterfaceOrientationPortrait;
				INFOPLIST_KEY_UISupportedInterfaceOrientations_iPad = "UIInterfaceOrientationLandscapeLeft UIInterfaceOrientationLandscapeRight UIInterfaceOrientationPortrait UIInterfaceOrientationPortraitUpsideDown";
				IPHONEOS_DEPLOYMENT_TARGET = 13.0;
				LD_RUNPATH_SEARCH_PATHS = (
					"$(inherited)",
					"@executable_path/Frameworks",
				);
				MARKETING_VERSION = 1.0;
				PRODUCT_BUNDLE_IDENTIFIER = com.ynonan.WorldCup;
				PRODUCT_NAME = "$(TARGET_NAME)";
				SUPPORTED_PLATFORMS = "iphoneos iphonesimulator";
				SUPPORTS_MACCATALYST = NO;
				SUPPORTS_MAC_DESIGNED_FOR_IPHONE_IPAD = NO;
				SWIFT_EMIT_LOC_STRINGS = YES;
				SWIFT_VERSION = 5.0;
				TARGETED_DEVICE_FAMILY = 1;
			};
			name = Debug;
		};
		958417532979AC5E0024242B /* Release */ = {
			isa = XCBuildConfiguration;
			baseConfigurationReference = D767C7A5933CDAFFDAE45ED6 /* Pods-WorldCup.release.xcconfig */;
			buildSettings = {
				ASSETCATALOG_COMPILER_APPICON_NAME = AppIcon;
				ASSETCATALOG_COMPILER_GLOBAL_ACCENT_COLOR_NAME = AccentColor;
				CODE_SIGN_STYLE = Automatic;
				CURRENT_PROJECT_VERSION = 1;
				DEVELOPMENT_TEAM = 38VT3MSS8Q;
				GENERATE_INFOPLIST_FILE = YES;
				INFOPLIST_FILE = WorldCup/Info.plist;
				INFOPLIST_KEY_UIApplicationSupportsIndirectInputEvents = YES;
				INFOPLIST_KEY_UILaunchStoryboardName = LaunchScreen;
				INFOPLIST_KEY_UIMainStoryboardFile = Main;
				INFOPLIST_KEY_UISupportedInterfaceOrientations = UIInterfaceOrientationPortrait;
				INFOPLIST_KEY_UISupportedInterfaceOrientations_iPad = "UIInterfaceOrientationLandscapeLeft UIInterfaceOrientationLandscapeRight UIInterfaceOrientationPortrait UIInterfaceOrientationPortraitUpsideDown";
				IPHONEOS_DEPLOYMENT_TARGET = 13.0;
				LD_RUNPATH_SEARCH_PATHS = (
					"$(inherited)",
					"@executable_path/Frameworks",
				);
				MARKETING_VERSION = 1.0;
				PRODUCT_BUNDLE_IDENTIFIER = com.ynonan.WorldCup;
				PRODUCT_NAME = "$(TARGET_NAME)";
				SUPPORTED_PLATFORMS = "iphoneos iphonesimulator";
				SUPPORTS_MACCATALYST = NO;
				SUPPORTS_MAC_DESIGNED_FOR_IPHONE_IPAD = NO;
				SWIFT_EMIT_LOC_STRINGS = YES;
				SWIFT_VERSION = 5.0;
				TARGETED_DEVICE_FAMILY = 1;
			};
			name = Release;
		};
/* End XCBuildConfiguration section */

/* Begin XCConfigurationList section */
		958417352979AC5D0024242B /* Build configuration list for PBXProject "WorldCup" */ = {
			isa = XCConfigurationList;
			buildConfigurations = (
				9584174F2979AC5E0024242B /* Debug */,
				958417502979AC5E0024242B /* Release */,
			);
			defaultConfigurationIsVisible = 0;
			defaultConfigurationName = Release;
		};
		958417512979AC5E0024242B /* Build configuration list for PBXNativeTarget "WorldCup" */ = {
			isa = XCConfigurationList;
			buildConfigurations = (
				958417522979AC5E0024242B /* Debug */,
				958417532979AC5E0024242B /* Release */,
			);
			defaultConfigurationIsVisible = 0;
			defaultConfigurationName = Release;
		};
/* End XCConfigurationList section */

/* Begin XCVersionGroup section */
		958417462979AC5D0024242B /* WorldCup.xcdatamodeld */ = {
			isa = XCVersionGroup;
			children = (
				958417472979AC5D0024242B /* WorldCup.xcdatamodel */,
			);
			currentVersion = 958417472979AC5D0024242B /* WorldCup.xcdatamodel */;
			path = WorldCup.xcdatamodeld;
			sourceTree = "<group>";
			versionGroupType = wrapper.xcdatamodel;
		};
/* End XCVersionGroup section */
	};
	rootObject = 958417322979AC5D0024242B /* Project object */;
}
